
Microsoft Visual Studio Solution File, Format Version 12.00
# Visual Studio Version 16
VisualStudioVersion = 16.0.32901.82
MinimumVisualStudioVersion = 10.0.40219.1
Project("{FAE04EC0-301F-11D3-BF4B-00C04F79EFBC}") = "Tema3-Estaciones", "Tema3-Estaciones\Tema3-Estaciones.csproj", "{8A49BAAD-117C-4B0E-BA8C-5B2036957A11}"
EndProject
Global
	GlobalSection(SolutionConfigurationPlatforms) = preSolution
		Debug|Any CPU = Debug|Any CPU
		Release|Any CPU = Release|Any CPU
	EndGlobalSection
	GlobalSection(ProjectConfigurationPlatforms) = postSolution
		{8A49BAAD-117C-4B0E-BA8C-5B2036957A11}.Debug|Any CPU.ActiveCfg = Debug|Any CPU
		{8A49BAAD-117C-4B0E-BA8C-5B2036957A11}.Debug|Any CPU.Build.0 = Debug|Any CPU
		{8A49BAAD-117C-4B0E-BA8C-5B2036957A11}.Release|Any CPU.ActiveCfg = Release|Any CPU
		{8A49BAAD-117C-4B0E-BA8C-5B2036957A11}.Release|Any CPU.Build.0 = Release|Any CPU
	EndGlobalSection
	GlobalSection(SolutionProperties) = preSolution
		HideSolutionNode = FALSE
	EndGlobalSection
	GlobalSection(ExtensibilityGlobals) = postSolution
		SolutionGuid = {CE5E38A5-3214-4F7B-8125-89B3F5959BFA}
	EndGlobalSection
EndGlobal
